
Microsoft Visual Studio Solution File, Format Version 12.00
# Visual Studio 15
VisualStudioVersion = 15.0.26228.9
MinimumVisualStudioVersion = 10.0.40219.1
Project("{F184B08F-C81C-45F6-A57F-5ABD9991F28F}") = "Personal Web", "Personal Web\Personal Web.vbproj", "{414942C7-F348-43FC-B301-3CD6058F24AB}"
EndProject
Project("{F184B08F-C81C-45F6-A57F-5ABD9991F28F}") = "Personal Web.Tests", "Personal Web.Tests\Personal Web.Tests.vbproj", "{CFF9ABEF-1834-440C-81BB-4238AB3D00E1}"
EndProject
Global
	GlobalSection(SolutionConfigurationPlatforms) = preSolution
		Debug|Any CPU = Debug|Any CPU
		Release|Any CPU = Release|Any CPU
	EndGlobalSection
	GlobalSection(ProjectConfigurationPlatforms) = postSolution
		{414942C7-F348-43FC-B301-3CD6058F24AB}.Debug|Any CPU.ActiveCfg = Debug|Any CPU
		{414942C7-F348-43FC-B301-3CD6058F24AB}.Debug|Any CPU.Build.0 = Debug|Any CPU
		{414942C7-F348-43FC-B301-3CD6058F24AB}.Release|Any CPU.ActiveCfg = Release|Any CPU
		{414942C7-F348-43FC-B301-3CD6058F24AB}.Release|Any CPU.Build.0 = Release|Any CPU
		{CFF9ABEF-1834-440C-81BB-4238AB3D00E1}.Debug|Any CPU.ActiveCfg = Debug|Any CPU
		{CFF9ABEF-1834-440C-81BB-4238AB3D00E1}.Debug|Any CPU.Build.0 = Debug|Any CPU
		{CFF9ABEF-1834-440C-81BB-4238AB3D00E1}.Release|Any CPU.ActiveCfg = Release|Any CPU
		{CFF9ABEF-1834-440C-81BB-4238AB3D00E1}.Release|Any CPU.Build.0 = Release|Any CPU
	EndGlobalSection
	GlobalSection(SolutionProperties) = preSolution
		HideSolutionNode = FALSE
	EndGlobalSection
EndGlobal
